
Microsoft Visual Studio Solution File, Format Version 12.00
# Visual Studio Version 17
VisualStudioVersion = 17.12.35521.163
MinimumVisualStudioVersion = 10.0.40219.1
Project("{FAE04EC0-301F-11D3-BF4B-00C04F79EFBC}") = "ECommerceSystem", "ECommerceSystem\ECommerceSystem.csproj", "{2BF5EF2E-35DC-4423-A6F2-E2A9B3EC9313}"
EndProject
Project("{FAE04EC0-301F-11D3-BF4B-00C04F79EFBC}") = "ECommerceSystem.Core", "ECommerceSystem.Core\ECommerceSystem.Core.csproj", "{4A9DF20B-57B5-426B-BE0C-0AB5A64E85AF}"
EndProject
Project("{FAE04EC0-301F-11D3-BF4B-00C04F79EFBC}") = "ECommerceSystem.Data", "ECommerceSystem.Data\ECommerceSystem.Data.csproj", "{F65D551A-CC37-4243-BCD0-68981BD8DE8C}"
EndProject
Project("{FAE04EC0-301F-11D3-BF4B-00C04F79EFBC}") = "ECommerceSystem.Service", "ECommerceSystem.Service\ECommerceSystem.Service.csproj", "{37433C01-1201-41C9-89E7-9BABF688064B}"
EndProject
Project("{2150E333-8FDC-42A3-9474-1A3956D46DE8}") = "Solution Items", "Solution Items", "{355A067C-28E0-4380-93B7-EBE0A5B87172}"
	ProjectSection(SolutionItems) = preProject
		Dockerfile = Dockerfile
	EndProjectSection
EndProject
Global
	GlobalSection(SolutionConfigurationPlatforms) = preSolution
		Debug|Any CPU = Debug|Any CPU
		Release|Any CPU = Release|Any CPU
	EndGlobalSection
	GlobalSection(ProjectConfigurationPlatforms) = postSolution
		{2BF5EF2E-35DC-4423-A6F2-E2A9B3EC9313}.Debug|Any CPU.ActiveCfg = Debug|Any CPU
		{2BF5EF2E-35DC-4423-A6F2-E2A9B3EC9313}.Debug|Any CPU.Build.0 = Debug|Any CPU
		{2BF5EF2E-35DC-4423-A6F2-E2A9B3EC9313}.Release|Any CPU.ActiveCfg = Release|Any CPU
		{2BF5EF2E-35DC-4423-A6F2-E2A9B3EC9313}.Release|Any CPU.Build.0 = Release|Any CPU
		{4A9DF20B-57B5-426B-BE0C-0AB5A64E85AF}.Debug|Any CPU.ActiveCfg = Debug|Any CPU
		{4A9DF20B-57B5-426B-BE0C-0AB5A64E85AF}.Debug|Any CPU.Build.0 = Debug|Any CPU
		{4A9DF20B-57B5-426B-BE0C-0AB5A64E85AF}.Release|Any CPU.ActiveCfg = Release|Any CPU
		{4A9DF20B-57B5-426B-BE0C-0AB5A64E85AF}.Release|Any CPU.Build.0 = Release|Any CPU
		{F65D551A-CC37-4243-BCD0-68981BD8DE8C}.Debug|Any CPU.ActiveCfg = Debug|Any CPU
		{F65D551A-CC37-4243-BCD0-68981BD8DE8C}.Debug|Any CPU.Build.0 = Debug|Any CPU
		{F65D551A-CC37-4243-BCD0-68981BD8DE8C}.Release|Any CPU.ActiveCfg = Release|Any CPU
		{F65D551A-CC37-4243-BCD0-68981BD8DE8C}.Release|Any CPU.Build.0 = Release|Any CPU
		{37433C01-1201-41C9-89E7-9BABF688064B}.Debug|Any CPU.ActiveCfg = Debug|Any CPU
		{37433C01-1201-41C9-89E7-9BABF688064B}.Debug|Any CPU.Build.0 = Debug|Any CPU
		{37433C01-1201-41C9-89E7-9BABF688064B}.Release|Any CPU.ActiveCfg = Release|Any CPU
		{37433C01-1201-41C9-89E7-9BABF688064B}.Release|Any CPU.Build.0 = Release|Any CPU
	EndGlobalSection
	GlobalSection(SolutionProperties) = preSolution
		HideSolutionNode = FALSE
	EndGlobalSection
EndGlobal
